
Microsoft Visual Studio Solution File, Format Version 12.00
# Visual Studio Version 17
VisualStudioVersion = 17.7.34009.444
MinimumVisualStudioVersion = 10.0.40219.1
Project("{9A19103F-16F7-4668-BE54-9A1E7A4F7556}") = "BGNet.TestAssignment.Api", "BGNet.TestAssignment.Api\BGNet.TestAssignment.Api.csproj", "{5361CA92-67B3-4E48-AFAD-86DF4FF08445}"
EndProject
Project("{54A90642-561A-4BB1-A94E-469ADEE60C69}") = "BGNet.TestAssignment.Client", "BGNet.TestAssignment.Client\BGNet.TestAssignment.Client.esproj", "{86943EA7-7740-4680-A2DF-A6B6A852FA40}"
EndProject
Project("{E53339B2-1760-4266-BCC7-CA923CBCF16C}") = "docker-compose", "docker-compose.dcproj", "{8F7B156E-AA72-4026-BE9C-0DA6346BA2B9}"
EndProject
Project("{9A19103F-16F7-4668-BE54-9A1E7A4F7556}") = "BGNet.TestAssignment.Models", "BGNet.TestAssignment.Models\BGNet.TestAssignment.Models.csproj", "{5AB19292-B7A6-4C6D-9C0C-A6829610D917}"
EndProject
Project("{9A19103F-16F7-4668-BE54-9A1E7A4F7556}") = "BGNet.TestAssignment.DataAccess", "BGNet.TestAssignment.DataAccessLayer\BGNet.TestAssignment.DataAccess.csproj", "{8528EAAE-824F-43EC-9156-3F81A4B6C585}"
EndProject
Project("{9A19103F-16F7-4668-BE54-9A1E7A4F7556}") = "BGNet.TestAssignment.BusinessLogic", "BGNet.TestAssignment.BusinessLogicLayer\BGNet.TestAssignment.BusinessLogic.csproj", "{4C4E6FBF-2FC2-4F7C-971E-A4F03C4AA598}"
EndProject
Project("{9A19103F-16F7-4668-BE54-9A1E7A4F7556}") = "BGNet.TestAssignment.DatabaseMigrator", "BGNet.TestAssignment.DatabaseMigrator\BGNet.TestAssignment.DatabaseMigrator.csproj", "{EB50BD7C-F80E-4C53-AD43-D975077C08BC}"
EndProject
Project("{FAE04EC0-301F-11D3-BF4B-00C04F79EFBC}") = "BGNet.TestAssignment.Common", "BGNet.TestAssignment.Common\BGNet.TestAssignment.Common.csproj", "{3A6B2506-4DD7-4A8D-9C04-7B1741A671B9}"
EndProject
Project("{2150E333-8FDC-42A3-9474-1A3956D46DE8}") = "WebApi", "WebApi", "{23BA1E1F-A56D-4330-A6AA-BCADA22E6ADE}"
EndProject
Global
	GlobalSection(SolutionConfigurationPlatforms) = preSolution
		Debug|Any CPU = Debug|Any CPU
		Release|Any CPU = Release|Any CPU
	EndGlobalSection
	GlobalSection(ProjectConfigurationPlatforms) = postSolution
		{5361CA92-67B3-4E48-AFAD-86DF4FF08445}.Debug|Any CPU.ActiveCfg = Debug|Any CPU
		{5361CA92-67B3-4E48-AFAD-86DF4FF08445}.Debug|Any CPU.Build.0 = Debug|Any CPU
		{5361CA92-67B3-4E48-AFAD-86DF4FF08445}.Release|Any CPU.ActiveCfg = Release|Any CPU
		{5361CA92-67B3-4E48-AFAD-86DF4FF08445}.Release|Any CPU.Build.0 = Release|Any CPU
		{86943EA7-7740-4680-A2DF-A6B6A852FA40}.Debug|Any CPU.ActiveCfg = Debug|Any CPU
		{86943EA7-7740-4680-A2DF-A6B6A852FA40}.Debug|Any CPU.Build.0 = Debug|Any CPU
		{86943EA7-7740-4680-A2DF-A6B6A852FA40}.Debug|Any CPU.Deploy.0 = Debug|Any CPU
		{86943EA7-7740-4680-A2DF-A6B6A852FA40}.Release|Any CPU.ActiveCfg = Release|Any CPU
		{86943EA7-7740-4680-A2DF-A6B6A852FA40}.Release|Any CPU.Build.0 = Release|Any CPU
		{86943EA7-7740-4680-A2DF-A6B6A852FA40}.Release|Any CPU.Deploy.0 = Release|Any CPU
		{8F7B156E-AA72-4026-BE9C-0DA6346BA2B9}.Debug|Any CPU.ActiveCfg = Debug|Any CPU
		{8F7B156E-AA72-4026-BE9C-0DA6346BA2B9}.Debug|Any CPU.Build.0 = Debug|Any CPU
		{8F7B156E-AA72-4026-BE9C-0DA6346BA2B9}.Release|Any CPU.ActiveCfg = Release|Any CPU
		{8F7B156E-AA72-4026-BE9C-0DA6346BA2B9}.Release|Any CPU.Build.0 = Release|Any CPU
		{5AB19292-B7A6-4C6D-9C0C-A6829610D917}.Debug|Any CPU.ActiveCfg = Debug|Any CPU
		{5AB19292-B7A6-4C6D-9C0C-A6829610D917}.Debug|Any CPU.Build.0 = Debug|Any CPU
		{5AB19292-B7A6-4C6D-9C0C-A6829610D917}.Release|Any CPU.ActiveCfg = Release|Any CPU
		{5AB19292-B7A6-4C6D-9C0C-A6829610D917}.Release|Any CPU.Build.0 = Release|Any CPU
		{8528EAAE-824F-43EC-9156-3F81A4B6C585}.Debug|Any CPU.ActiveCfg = Debug|Any CPU
		{8528EAAE-824F-43EC-9156-3F81A4B6C585}.Debug|Any CPU.Build.0 = Debug|Any CPU
		{8528EAAE-824F-43EC-9156-3F81A4B6C585}.Release|Any CPU.ActiveCfg = Release|Any CPU
		{8528EAAE-824F-43EC-9156-3F81A4B6C585}.Release|Any CPU.Build.0 = Release|Any CPU
		{4C4E6FBF-2FC2-4F7C-971E-A4F03C4AA598}.Debug|Any CPU.ActiveCfg = Debug|Any CPU
		{4C4E6FBF-2FC2-4F7C-971E-A4F03C4AA598}.Debug|Any CPU.Build.0 = Debug|Any CPU
		{4C4E6FBF-2FC2-4F7C-971E-A4F03C4AA598}.Release|Any CPU.ActiveCfg = Release|Any CPU
		{4C4E6FBF-2FC2-4F7C-971E-A4F03C4AA598}.Release|Any CPU.Build.0 = Release|Any CPU
		{EB50BD7C-F80E-4C53-AD43-D975077C08BC}.Debug|Any CPU.ActiveCfg = Debug|Any CPU
		{EB50BD7C-F80E-4C53-AD43-D975077C08BC}.Debug|Any CPU.Build.0 = Debug|Any CPU
		{EB50BD7C-F80E-4C53-AD43-D975077C08BC}.Release|Any CPU.ActiveCfg = Release|Any CPU
		{EB50BD7C-F80E-4C53-AD43-D975077C08BC}.Release|Any CPU.Build.0 = Release|Any CPU
		{3A6B2506-4DD7-4A8D-9C04-7B1741A671B9}.Debug|Any CPU.ActiveCfg = Debug|Any CPU
		{3A6B2506-4DD7-4A8D-9C04-7B1741A671B9}.Debug|Any CPU.Build.0 = Debug|Any CPU
		{3A6B2506-4DD7-4A8D-9C04-7B1741A671B9}.Release|Any CPU.ActiveCfg = Release|Any CPU
		{3A6B2506-4DD7-4A8D-9C04-7B1741A671B9}.Release|Any CPU.Build.0 = Release|Any CPU
	EndGlobalSection
	GlobalSection(SolutionProperties) = preSolution
		HideSolutionNode = FALSE
	EndGlobalSection
	GlobalSection(NestedProjects) = preSolution
		{EB50BD7C-F80E-4C53-AD43-D975077C08BC} = {23BA1E1F-A56D-4330-A6AA-BCADA22E6ADE}
		{8528EAAE-824F-43EC-9156-3F81A4B6C585} = {23BA1E1F-A56D-4330-A6AA-BCADA22E6ADE}
		{5AB19292-B7A6-4C6D-9C0C-A6829610D917} = {23BA1E1F-A56D-4330-A6AA-BCADA22E6ADE}
		{3A6B2506-4DD7-4A8D-9C04-7B1741A671B9} = {23BA1E1F-A56D-4330-A6AA-BCADA22E6ADE}
		{4C4E6FBF-2FC2-4F7C-971E-A4F03C4AA598} = {23BA1E1F-A56D-4330-A6AA-BCADA22E6ADE}
		{5361CA92-67B3-4E48-AFAD-86DF4FF08445} = {23BA1E1F-A56D-4330-A6AA-BCADA22E6ADE}
	EndGlobalSection
	GlobalSection(ExtensibilityGlobals) = postSolution
		SolutionGuid = {0B229C44-1123-4601-9D9E-EEC189B6F5EF}
	EndGlobalSection
EndGlobal
