
Microsoft Visual Studio Solution File, Format Version 12.00
# Visual Studio Version 17
VisualStudioVersion = 17.7.34009.444
MinimumVisualStudioVersion = 10.0.40219.1
Project("{9A19103F-16F7-4668-BE54-9A1E7A4F7556}") = "BGLibrary.Identity", "BGLibrary.Identity\BGLibrary.Identity.csproj", "{7782A2DD-7E2D-4B8A-9D2D-BDD3EA454B4A}"
EndProject
Project("{9A19103F-16F7-4668-BE54-9A1E7A4F7556}") = "BGLibrary.Library", "BGLibrary.Library\BGLibrary.Library.csproj", "{5361CA92-67B3-4E48-AFAD-86DF4FF08445}"
EndProject
Project("{54A90642-561A-4BB1-A94E-469ADEE60C69}") = "BGLibrary.Client", "BGLibrary.Client\BGLibrary.Client\BGLibrary.Client.esproj", "{86943EA7-7740-4680-A2DF-A6B6A852FA40}"
EndProject
Project("{E53339B2-1760-4266-BCC7-CA923CBCF16C}") = "docker-compose", "docker-compose.dcproj", "{8F7B156E-AA72-4026-BE9C-0DA6346BA2B9}"
EndProject
Global
	GlobalSection(SolutionConfigurationPlatforms) = preSolution
		Debug|Any CPU = Debug|Any CPU
		Release|Any CPU = Release|Any CPU
	EndGlobalSection
	GlobalSection(ProjectConfigurationPlatforms) = postSolution
		{7782A2DD-7E2D-4B8A-9D2D-BDD3EA454B4A}.Debug|Any CPU.ActiveCfg = Debug|Any CPU
		{7782A2DD-7E2D-4B8A-9D2D-BDD3EA454B4A}.Debug|Any CPU.Build.0 = Debug|Any CPU
		{7782A2DD-7E2D-4B8A-9D2D-BDD3EA454B4A}.Release|Any CPU.ActiveCfg = Release|Any CPU
		{7782A2DD-7E2D-4B8A-9D2D-BDD3EA454B4A}.Release|Any CPU.Build.0 = Release|Any CPU
		{5361CA92-67B3-4E48-AFAD-86DF4FF08445}.Debug|Any CPU.ActiveCfg = Debug|Any CPU
		{5361CA92-67B3-4E48-AFAD-86DF4FF08445}.Debug|Any CPU.Build.0 = Debug|Any CPU
		{5361CA92-67B3-4E48-AFAD-86DF4FF08445}.Release|Any CPU.ActiveCfg = Release|Any CPU
		{5361CA92-67B3-4E48-AFAD-86DF4FF08445}.Release|Any CPU.Build.0 = Release|Any CPU
		{86943EA7-7740-4680-A2DF-A6B6A852FA40}.Debug|Any CPU.ActiveCfg = Debug|Any CPU
		{86943EA7-7740-4680-A2DF-A6B6A852FA40}.Debug|Any CPU.Build.0 = Debug|Any CPU
		{86943EA7-7740-4680-A2DF-A6B6A852FA40}.Debug|Any CPU.Deploy.0 = Debug|Any CPU
		{86943EA7-7740-4680-A2DF-A6B6A852FA40}.Release|Any CPU.ActiveCfg = Release|Any CPU
		{86943EA7-7740-4680-A2DF-A6B6A852FA40}.Release|Any CPU.Build.0 = Release|Any CPU
		{86943EA7-7740-4680-A2DF-A6B6A852FA40}.Release|Any CPU.Deploy.0 = Release|Any CPU
		{8F7B156E-AA72-4026-BE9C-0DA6346BA2B9}.Debug|Any CPU.ActiveCfg = Debug|Any CPU
		{8F7B156E-AA72-4026-BE9C-0DA6346BA2B9}.Debug|Any CPU.Build.0 = Debug|Any CPU
		{8F7B156E-AA72-4026-BE9C-0DA6346BA2B9}.Release|Any CPU.ActiveCfg = Release|Any CPU
		{8F7B156E-AA72-4026-BE9C-0DA6346BA2B9}.Release|Any CPU.Build.0 = Release|Any CPU
	EndGlobalSection
	GlobalSection(SolutionProperties) = preSolution
		HideSolutionNode = FALSE
	EndGlobalSection
EndGlobal
